{
  "name": "miniprogram",
  "version": "1.0.0",
  "lockfileVersion": 2,
  "requires": true,
  "packages": {
    "": {
      "name": "miniprogram",
      "version": "1.0.0",
      "license": "ISC",
      "dependencies": {
        "chinese-lunar-calendar": "^1.0.1"
      }
    },
    "node_modules/chinese-lunar-calendar": {
      "version": "1.0.1",
      "resolved": "https://registry.npmmirror.com/chinese-lunar-calendar/-/chinese-lunar-calendar-1.0.1.tgz",
      "integrity": "sha512-T5XjtA6ygOkxjwltYf8dEB1DLsPKewDKajf74fNeT6rH2g9EZPf2AHk6vAlK/SAImTYKXoUNQ3Q4JwN0BduqRA=="
    }
  },
  "dependencies": {
    "chinese-lunar-calendar": {
      "version": "1.0.1",
      "resolved": "https://registry.npmmirror.com/chinese-lunar-calendar/-/chinese-lunar-calendar-1.0.1.tgz",
      "integrity": "sha512-T5XjtA6ygOkxjwltYf8dEB1DLsPKewDKajf74fNeT6rH2g9EZPf2AHk6vAlK/SAImTYKXoUNQ3Q4JwN0BduqRA=="
    }
  }
}
